
Microsoft Visual Studio Solution File, Format Version 12.00
# Visual Studio Version 16
VisualStudioVersion = 16.0.30114.105
MinimumVisualStudioVersion = 10.0.40219.1
Project("{2150E333-8FDC-42A3-9474-1A3956D46DE8}") = "src", "src", "{53525C0E-926C-4FD5-BE68-84CF0F961EAF}"
EndProject
Project("{2150E333-8FDC-42A3-9474-1A3956D46DE8}") = "Core", "Core", "{99554320-6755-4B21-AC10-661E409E45F3}"
EndProject
Project("{FAE04EC0-301F-11D3-BF4B-00C04F79EFBC}") = "HR.LeaveManagement.Domain", "src\Core\HR.LeaveManagement.Domain\HR.LeaveManagement.Domain.csproj", "{746A2B76-1C90-41C7-8479-E75AB8086CF8}"
EndProject
Project("{FAE04EC0-301F-11D3-BF4B-00C04F79EFBC}") = "HR.LeaveManagement.Application", "src\Core\HR.LeaveManagement.Application\HR.LeaveManagement.Application.csproj", "{C3929F59-26B8-454C-9E12-76C75D69D886}"
EndProject
Global
	GlobalSection(SolutionConfigurationPlatforms) = preSolution
		Debug|Any CPU = Debug|Any CPU
		Release|Any CPU = Release|Any CPU
	EndGlobalSection
	GlobalSection(SolutionProperties) = preSolution
		HideSolutionNode = FALSE
	EndGlobalSection
	GlobalSection(ProjectConfigurationPlatforms) = postSolution
		{746A2B76-1C90-41C7-8479-E75AB8086CF8}.Debug|Any CPU.ActiveCfg = Debug|Any CPU
		{746A2B76-1C90-41C7-8479-E75AB8086CF8}.Debug|Any CPU.Build.0 = Debug|Any CPU
		{746A2B76-1C90-41C7-8479-E75AB8086CF8}.Release|Any CPU.ActiveCfg = Release|Any CPU
		{746A2B76-1C90-41C7-8479-E75AB8086CF8}.Release|Any CPU.Build.0 = Release|Any CPU
		{C3929F59-26B8-454C-9E12-76C75D69D886}.Debug|Any CPU.ActiveCfg = Debug|Any CPU
		{C3929F59-26B8-454C-9E12-76C75D69D886}.Debug|Any CPU.Build.0 = Debug|Any CPU
		{C3929F59-26B8-454C-9E12-76C75D69D886}.Release|Any CPU.ActiveCfg = Release|Any CPU
		{C3929F59-26B8-454C-9E12-76C75D69D886}.Release|Any CPU.Build.0 = Release|Any CPU
	EndGlobalSection
	GlobalSection(NestedProjects) = preSolution
		{99554320-6755-4B21-AC10-661E409E45F3} = {53525C0E-926C-4FD5-BE68-84CF0F961EAF}
		{746A2B76-1C90-41C7-8479-E75AB8086CF8} = {99554320-6755-4B21-AC10-661E409E45F3}
		{C3929F59-26B8-454C-9E12-76C75D69D886} = {99554320-6755-4B21-AC10-661E409E45F3}
	EndGlobalSection
EndGlobal
