
Microsoft Visual Studio Solution File, Format Version 12.00
# Visual Studio Version 16
VisualStudioVersion = 16.0.30114.105
MinimumVisualStudioVersion = 10.0.40219.1
Project("{FAE04EC0-301F-11D3-BF4B-00C04F79EFBC}") = "HR.LeaveManagement.Persistence", "HR.LeaveManagement.Persistence\HR.LeaveManagement.Persistence.csproj", "{3694EA4C-E06A-493B-B07D-BBFCA633EB01}"
EndProject
Project("{FAE04EC0-301F-11D3-BF4B-00C04F79EFBC}") = "HR.LeaveManagement.Domain", "HR.LeaveManagement.Domain\HR.LeaveManagement.Domain.csproj", "{777BD52D-1E25-457D-95CA-A7884E532A0C}"
EndProject
Project("{FAE04EC0-301F-11D3-BF4B-00C04F79EFBC}") = "HR.LeaveManagement.Application", "HR.LeaveManagement.Application\HR.LeaveManagement.Application.csproj", "{B91E0C2E-4F9E-457E-8363-B6AD3077C774}"
EndProject
Project("{FAE04EC0-301F-11D3-BF4B-00C04F79EFBC}") = "HR.LeaveManagement.Infrastructure", "HR.LeaveManagement.Infrastructure\HR.LeaveManagement.Infrastructure.csproj", "{15A91D45-AEC4-4AEE-B3BE-C3A30E637B53}"
EndProject
Project("{FAE04EC0-301F-11D3-BF4B-00C04F79EFBC}") = "HR.LeaveManagement.API", "HR.LeaveManagement.API\HR.LeaveManagement.API.csproj", "{855619DE-8BFA-4024-ADE2-1FA2B0FB6130}"
EndProject
Global
	GlobalSection(SolutionConfigurationPlatforms) = preSolution
		Debug|Any CPU = Debug|Any CPU
		Release|Any CPU = Release|Any CPU
	EndGlobalSection
	GlobalSection(SolutionProperties) = preSolution
		HideSolutionNode = FALSE
	EndGlobalSection
	GlobalSection(ProjectConfigurationPlatforms) = postSolution
		{3694EA4C-E06A-493B-B07D-BBFCA633EB01}.Debug|Any CPU.ActiveCfg = Debug|Any CPU
		{3694EA4C-E06A-493B-B07D-BBFCA633EB01}.Debug|Any CPU.Build.0 = Debug|Any CPU
		{3694EA4C-E06A-493B-B07D-BBFCA633EB01}.Release|Any CPU.ActiveCfg = Release|Any CPU
		{3694EA4C-E06A-493B-B07D-BBFCA633EB01}.Release|Any CPU.Build.0 = Release|Any CPU
		{777BD52D-1E25-457D-95CA-A7884E532A0C}.Debug|Any CPU.ActiveCfg = Debug|Any CPU
		{777BD52D-1E25-457D-95CA-A7884E532A0C}.Debug|Any CPU.Build.0 = Debug|Any CPU
		{777BD52D-1E25-457D-95CA-A7884E532A0C}.Release|Any CPU.ActiveCfg = Release|Any CPU
		{777BD52D-1E25-457D-95CA-A7884E532A0C}.Release|Any CPU.Build.0 = Release|Any CPU
		{B91E0C2E-4F9E-457E-8363-B6AD3077C774}.Debug|Any CPU.ActiveCfg = Debug|Any CPU
		{B91E0C2E-4F9E-457E-8363-B6AD3077C774}.Debug|Any CPU.Build.0 = Debug|Any CPU
		{B91E0C2E-4F9E-457E-8363-B6AD3077C774}.Release|Any CPU.ActiveCfg = Release|Any CPU
		{B91E0C2E-4F9E-457E-8363-B6AD3077C774}.Release|Any CPU.Build.0 = Release|Any CPU
		{15A91D45-AEC4-4AEE-B3BE-C3A30E637B53}.Debug|Any CPU.ActiveCfg = Debug|Any CPU
		{15A91D45-AEC4-4AEE-B3BE-C3A30E637B53}.Debug|Any CPU.Build.0 = Debug|Any CPU
		{15A91D45-AEC4-4AEE-B3BE-C3A30E637B53}.Release|Any CPU.ActiveCfg = Release|Any CPU
		{15A91D45-AEC4-4AEE-B3BE-C3A30E637B53}.Release|Any CPU.Build.0 = Release|Any CPU
		{855619DE-8BFA-4024-ADE2-1FA2B0FB6130}.Debug|Any CPU.ActiveCfg = Debug|Any CPU
		{855619DE-8BFA-4024-ADE2-1FA2B0FB6130}.Debug|Any CPU.Build.0 = Debug|Any CPU
		{855619DE-8BFA-4024-ADE2-1FA2B0FB6130}.Release|Any CPU.ActiveCfg = Release|Any CPU
		{855619DE-8BFA-4024-ADE2-1FA2B0FB6130}.Release|Any CPU.Build.0 = Release|Any CPU
	EndGlobalSection
EndGlobal
